
Microsoft Visual Studio Solution File, Format Version 12.00
# Visual Studio Version 17
VisualStudioVersion = 17.10.34928.147
MinimumVisualStudioVersion = 10.0.40219.1
Project("{FAE04EC0-301F-11D3-BF4B-00C04F79EFBC}") = "AaronBlazor", "AaronBlazor.csproj", "{B0407F8D-C802-4990-8B28-550F4751F6BA}"
EndProject
Global
	GlobalSection(SolutionConfigurationPlatforms) = preSolution
		Debug|Any CPU = Debug|Any CPU
		Release|Any CPU = Release|Any CPU
	EndGlobalSection
	GlobalSection(ProjectConfigurationPlatforms) = postSolution
		{B0407F8D-C802-4990-8B28-550F4751F6BA}.Debug|Any CPU.ActiveCfg = Debug|Any CPU
		{B0407F8D-C802-4990-8B28-550F4751F6BA}.Debug|Any CPU.Build.0 = Debug|Any CPU
		{B0407F8D-C802-4990-8B28-550F4751F6BA}.Release|Any CPU.ActiveCfg = Release|Any CPU
		{B0407F8D-C802-4990-8B28-550F4751F6BA}.Release|Any CPU.Build.0 = Release|Any CPU
	EndGlobalSection
	GlobalSection(SolutionProperties) = preSolution
		HideSolutionNode = FALSE
	EndGlobalSection
	GlobalSection(ExtensibilityGlobals) = postSolution
		SolutionGuid = {E75EC8B8-DB49-499D-86BE-BF267E8E8617}
	EndGlobalSection
EndGlobal
